hash: 2f0d483049d556f5b863269a14a715447a87f166ce515c3b8cb981fe0aad60ce
updated: 2016-05-24T11:06:36.79424374+03:00
imports:
- name: github.com/elodina/go-avro
  version: 519006d9633c3a943942b9ebfc1f4ae79d23df2c
- name: github.com/elodina/go-kafka-avro
  version: 519006d9633c3a943942b9ebfc1f4ae79d23df2c
- name: github.com/elodina/gonzo
  version: 519006d9633c3a943942b9ebfc1f4ae79d23df2c
- name: github.com/elodina/siesta
  version: 519006d9633c3a943942b9ebfc1f4ae79d23df2c
- name: github.com/elodina/siesta-producer
  version: 519006d9633c3a943942b9ebfc1f4ae79d23df2c
- name: github.com/fatih/structs
  version: ""
- name: github.com/gocql/gocql
  version: ""
  subpackages:
  - internal/lru
  - internal/murmur
  - internal/streams
- name: github.com/gogo/protobuf
  version: 519006d9633c3a943942b9ebfc1f4ae79d23df2c
  subpackages:
  - proto
- name: github.com/golang/glog
  version: 519006d9633c3a943942b9ebfc1f4ae79d23df2c
- name: github.com/golang/snappy
  version: ""
- name: github.com/hailocab/go-hostpool
  version: ""
- name: github.com/hashicorp/errwrap
  version: ""
- name: github.com/hashicorp/go-cleanhttp
  version: ""
- name: github.com/hashicorp/go-multierror
  version: ""
- name: github.com/hashicorp/go-rootcerts
  version: ""
- name: github.com/hashicorp/hcl
  version: ""
  subpackages:
  - hcl/ast
  - hcl/parser
  - hcl/scanner
  - hcl/strconv
  - hcl/token
  - json/parser
  - json/scanner
  - json/token
- name: github.com/hashicorp/vault
  version: 519006d9633c3a943942b9ebfc1f4ae79d23df2c
  subpackages:
  - api
- name: github.com/julienschmidt/httprouter
  version: 519006d9633c3a943942b9ebfc1f4ae79d23df2c
- name: github.com/mesos/mesos-go
  version: 519006d9633c3a943942b9ebfc1f4ae79d23df2c
  subpackages:
  - executor
  - mesosproto
  - mesosutil
  - mesosutil/process
  - messenger
  - messenger/sessionid
  - upid
  - mesosproto/scheduler
- name: github.com/mitchellh/go-homedir
  version: ""
- name: github.com/mitchellh/mapstructure
  version: ""
- name: github.com/pborman/uuid
  version: 519006d9633c3a943942b9ebfc1f4ae79d23df2c
- name: github.com/rcrowley/go-metrics
  version: 519006d9633c3a943942b9ebfc1f4ae79d23df2c
- name: github.com/satori/go.uuid
  version: 519006d9633c3a943942b9ebfc1f4ae79d23df2c
- name: github.com/smartystreets/goconvey
  version: c53abc99456fa3402dd33c15ee51c3e545e04a3f
- name: github.com/yanzay/cfg
  version: 519006d9633c3a943942b9ebfc1f4ae79d23df2c
- name: golang.org/x/net
  version: ""
  subpackages:
  - context
- name: gopkg.in/cihub/seelog.v2
  version: 519006d9633c3a943942b9ebfc1f4ae79d23df2c
- name: gopkg.in/inf.v0
  version: ""
devImports: []
