hash: a804b33ff4c94a718c1daee6c3d21092bafa703d4c8fd2b18cd4a65e0c25a4d6
updated: 2016-05-24T13:41:17.724034748+03:00
imports:
- name: github.com/davecgh/go-spew
  version: b97a799aa8e43a99baca4a686f67b60b04922445
  subpackages:
  - spew
- name: github.com/elodina/go-avro
  version: b97a799aa8e43a99baca4a686f67b60b04922445
- name: github.com/elodina/go-kafka-avro
  version: b97a799aa8e43a99baca4a686f67b60b04922445
- name: github.com/elodina/gonzo
  version: b97a799aa8e43a99baca4a686f67b60b04922445
- name: github.com/elodina/siesta
  version: b97a799aa8e43a99baca4a686f67b60b04922445
- name: github.com/elodina/siesta-producer
  version: b97a799aa8e43a99baca4a686f67b60b04922445
- name: github.com/fatih/structs
  version: ""
- name: github.com/gocql/gocql
  version: ""
  subpackages:
  - internal/lru
  - internal/murmur
  - internal/streams
- name: github.com/gogo/protobuf
  version: b97a799aa8e43a99baca4a686f67b60b04922445
  subpackages:
  - proto
- name: github.com/golang/glog
  version: b97a799aa8e43a99baca4a686f67b60b04922445
- name: github.com/golang/snappy
  version: ""
- name: github.com/hailocab/go-hostpool
  version: ""
- name: github.com/hashicorp/errwrap
  version: ""
- name: github.com/hashicorp/go-cleanhttp
  version: ""
- name: github.com/hashicorp/go-multierror
  version: ""
- name: github.com/hashicorp/go-rootcerts
  version: ""
- name: github.com/hashicorp/hcl
  version: ""
  subpackages:
  - hcl/ast
  - hcl/parser
  - hcl/scanner
  - hcl/strconv
  - hcl/token
  - json/parser
  - json/scanner
  - json/token
- name: github.com/hashicorp/vault
  version: b97a799aa8e43a99baca4a686f67b60b04922445
  subpackages:
  - api
- name: github.com/jtolds/gls
  version: b97a799aa8e43a99baca4a686f67b60b04922445
- name: github.com/julienschmidt/httprouter
  version: b97a799aa8e43a99baca4a686f67b60b04922445
- name: github.com/mesos/mesos-go
  version: b97a799aa8e43a99baca4a686f67b60b04922445
  subpackages:
  - executor
  - mesosproto
  - mesosutil
  - mesosutil/process
  - messenger
  - messenger/sessionid
  - upid
  - mesosproto/scheduler
- name: github.com/mitchellh/go-homedir
  version: ""
- name: github.com/mitchellh/mapstructure
  version: ""
- name: github.com/pborman/uuid
  version: b97a799aa8e43a99baca4a686f67b60b04922445
- name: github.com/pmezard/go-difflib
  version: b97a799aa8e43a99baca4a686f67b60b04922445
- name: github.com/rcrowley/go-metrics
  version: b97a799aa8e43a99baca4a686f67b60b04922445
- name: github.com/satori/go.uuid
  version: b97a799aa8e43a99baca4a686f67b60b04922445
- name: github.com/smartystreets/assertions
  version: b97a799aa8e43a99baca4a686f67b60b04922445
- name: github.com/smartystreets/goconvey
  version: b97a799aa8e43a99baca4a686f67b60b04922445
- name: github.com/stretchr/testify
  version: 6cb3b85ef5a0efef77caef88363ec4d4b5c0976d
- name: github.com/yanzay/cfg
  version: b97a799aa8e43a99baca4a686f67b60b04922445
- name: golang.org/x/net
  version: ""
  subpackages:
  - context
- name: gopkg.in/cihub/seelog.v2
  version: b97a799aa8e43a99baca4a686f67b60b04922445
- name: gopkg.in/inf.v0
  version: ""
- name: gopkg.in/stretchr/testify.v1
  version: b97a799aa8e43a99baca4a686f67b60b04922445
devImports: []
